
Microsoft Visual Studio Solution File, Format Version 12.00
# Visual Studio Version 16
VisualStudioVersion = 16.0.31911.196
MinimumVisualStudioVersion = 10.0.40219.1
Project("{FAE04EC0-301F-11D3-BF4B-00C04F79EFBC}") = "coursework", "coursework.csproj", "{D673D4B0-145C-42C8-835F-F3739FFEA55D}"
EndProject
Global
	GlobalSection(SolutionConfigurationPlatforms) = preSolution
		Debug|Any CPU = Debug|Any CPU
		Release|Any CPU = Release|Any CPU
	EndGlobalSection
	GlobalSection(ProjectConfigurationPlatforms) = postSolution
		{D673D4B0-145C-42C8-835F-F3739FFEA55D}.Debug|Any CPU.ActiveCfg = Debug|Any CPU
		{D673D4B0-145C-42C8-835F-F3739FFEA55D}.Debug|Any CPU.Build.0 = Debug|Any CPU
		{D673D4B0-145C-42C8-835F-F3739FFEA55D}.Release|Any CPU.ActiveCfg = Release|Any CPU
		{D673D4B0-145C-42C8-835F-F3739FFEA55D}.Release|Any CPU.Build.0 = Release|Any CPU
	EndGlobalSection
	GlobalSection(SolutionProperties) = preSolution
		HideSolutionNode = FALSE
	EndGlobalSection
	GlobalSection(ExtensibilityGlobals) = postSolution
		SolutionGuid = {9C090C51-D01B-4A42-BE3D-5E9C15DAC796}
	EndGlobalSection
EndGlobal
